
Microsoft Visual Studio Solution File, Format Version 12.00
# Visual Studio 2012
Project("{FAE04EC0-301F-11D3-BF4B-00C04F79EFBC}") = "LFStudio", "LFStudio\LFStudio.csproj", "{8EBFFC38-8150-4433-9001-3737504F82AD}"
EndProject
Project("{2150E333-8FDC-42A3-9474-1A3956D46DE8}") = "Plugins", "Plugins", "{050C4E5B-E3E3-40D1-8E5C-27B917D22230}"
EndProject
Project("{2150E333-8FDC-42A3-9474-1A3956D46DE8}") = "ThirdParty", "ThirdParty", "{8113611A-7372-4028-8CFB-40C45E80C7D8}"
EndProject
Project("{FAE04EC0-301F-11D3-BF4B-00C04F79EFBC}") = "AvalonDock", "ThirdParty\AvalonDock\AvalonDock.csproj", "{87E61430-4243-45F2-B74E-0A4C096CEBF3}"
EndProject
Project("{FAE04EC0-301F-11D3-BF4B-00C04F79EFBC}") = "FindReplace", "ThirdParty\FindReplace\FindReplace.csproj", "{F6237B7D-9A3B-4F55-961B-72035B0DEA4D}"
EndProject
Project("{FAE04EC0-301F-11D3-BF4B-00C04F79EFBC}") = "ICSharpCode.AvalonEdit", "ThirdParty\ICSharpCode.AvalonEdit\ICSharpCode.AvalonEdit.csproj", "{6C55B776-26D4-4DB3-A6AB-87E783B2F3D1}"
EndProject
Project("{FAE04EC0-301F-11D3-BF4B-00C04F79EFBC}") = "Localization", "ThirdParty\Localization\Localization.csproj", "{6C0438EF-C94D-4A3E-B14C-92575FECEE6C}"
EndProject
Project("{FAE04EC0-301F-11D3-BF4B-00C04F79EFBC}") = "SplitButton", "ThirdParty\SplitButton\SplitButton.csproj", "{A75FA431-B3D7-4AC6-8033-CDE76FA98C97}"
EndProject
Project("{FAE04EC0-301F-11D3-BF4B-00C04F79EFBC}") = "ZoomAndPan", "ThirdParty\ZoomAndPan\ZoomAndPan.csproj", "{468ADEDE-6F5E-40C0-99C9-C6DAC4FAC934}"
EndProject
Project("{FAE04EC0-301F-11D3-BF4B-00C04F79EFBC}") = "UniCharInstaller", "Plugins\BkgEditor\UniCharInstaller.csproj", "{EDF0813B-6EC6-40AD-A049-9AC681E29D73}"
EndProject
Project("{FAE04EC0-301F-11D3-BF4B-00C04F79EFBC}") = "FrameGenerator", "Plugins\FrameGenerator\FrameGenerator.csproj", "{63201CC5-44BE-4D8E-9EE8-57D89C8E9C68}"
EndProject
Project("{FAE04EC0-301F-11D3-BF4B-00C04F79EFBC}") = "MemoryReader", "Plugins\MemoryReader\MemoryReader.csproj", "{D23A68CD-E7D1-48BE-AFB7-7A68729E9A12}"
EndProject
Project("{FAE04EC0-301F-11D3-BF4B-00C04F79EFBC}") = "MultiLineFindAndReplace", "Plugins\MultiLineFindAndReplace\MultiLineFindAndReplace.csproj", "{84A29AE2-96CA-420C-99F2-B0C9903BCA71}"
EndProject
Project("{FAE04EC0-301F-11D3-BF4B-00C04F79EFBC}") = "AvalonWizard.netfx40", "ThirdParty\AvalonWizard\AvalonWizard.netfx40.csproj", "{C77BABE4-5B91-4AF0-BA4A-C6D0CC355F40}"
EndProject
Project("{FAE04EC0-301F-11D3-BF4B-00C04F79EFBC}") = "PassDecrypter", "PassDecrypter\PassDecrypter.csproj", "{4760C3FB-05EB-4A0A-AEEA-F6FE89EB7996}"
EndProject
Project("{FAE04EC0-301F-11D3-BF4B-00C04F79EFBC}") = "Components", "ThirdParty\Gif\Components.csproj", "{1C3A03CA-5E55-4CC4-9746-194A4188960A}"
EndProject
Global
	GlobalSection(SolutionConfigurationPlatforms) = preSolution
		Debug|Any CPU = Debug|Any CPU
		Release|Any CPU = Release|Any CPU
	EndGlobalSection
	GlobalSection(ProjectConfigurationPlatforms) = postSolution
		{8EBFFC38-8150-4433-9001-3737504F82AD}.Debug|Any CPU.ActiveCfg = Debug|Any CPU
		{8EBFFC38-8150-4433-9001-3737504F82AD}.Debug|Any CPU.Build.0 = Debug|Any CPU
		{8EBFFC38-8150-4433-9001-3737504F82AD}.Release|Any CPU.ActiveCfg = Release|Any CPU
		{8EBFFC38-8150-4433-9001-3737504F82AD}.Release|Any CPU.Build.0 = Release|Any CPU
		{87E61430-4243-45F2-B74E-0A4C096CEBF3}.Debug|Any CPU.ActiveCfg = Debug|Any CPU
		{87E61430-4243-45F2-B74E-0A4C096CEBF3}.Debug|Any CPU.Build.0 = Debug|Any CPU
		{87E61430-4243-45F2-B74E-0A4C096CEBF3}.Release|Any CPU.ActiveCfg = Release|Any CPU
		{87E61430-4243-45F2-B74E-0A4C096CEBF3}.Release|Any CPU.Build.0 = Release|Any CPU
		{F6237B7D-9A3B-4F55-961B-72035B0DEA4D}.Debug|Any CPU.ActiveCfg = Debug|Any CPU
		{F6237B7D-9A3B-4F55-961B-72035B0DEA4D}.Debug|Any CPU.Build.0 = Debug|Any CPU
		{F6237B7D-9A3B-4F55-961B-72035B0DEA4D}.Release|Any CPU.ActiveCfg = Release|Any CPU
		{F6237B7D-9A3B-4F55-961B-72035B0DEA4D}.Release|Any CPU.Build.0 = Release|Any CPU
		{6C55B776-26D4-4DB3-A6AB-87E783B2F3D1}.Debug|Any CPU.ActiveCfg = Debug|Any CPU
		{6C55B776-26D4-4DB3-A6AB-87E783B2F3D1}.Debug|Any CPU.Build.0 = Debug|Any CPU
		{6C55B776-26D4-4DB3-A6AB-87E783B2F3D1}.Release|Any CPU.ActiveCfg = Release|Any CPU
		{6C55B776-26D4-4DB3-A6AB-87E783B2F3D1}.Release|Any CPU.Build.0 = Release|Any CPU
		{6C0438EF-C94D-4A3E-B14C-92575FECEE6C}.Debug|Any CPU.ActiveCfg = Debug|Any CPU
		{6C0438EF-C94D-4A3E-B14C-92575FECEE6C}.Debug|Any CPU.Build.0 = Debug|Any CPU
		{6C0438EF-C94D-4A3E-B14C-92575FECEE6C}.Release|Any CPU.ActiveCfg = Release|Any CPU
		{6C0438EF-C94D-4A3E-B14C-92575FECEE6C}.Release|Any CPU.Build.0 = Release|Any CPU
		{A75FA431-B3D7-4AC6-8033-CDE76FA98C97}.Debug|Any CPU.ActiveCfg = Debug|Any CPU
		{A75FA431-B3D7-4AC6-8033-CDE76FA98C97}.Debug|Any CPU.Build.0 = Debug|Any CPU
		{A75FA431-B3D7-4AC6-8033-CDE76FA98C97}.Release|Any CPU.ActiveCfg = Release|Any CPU
		{A75FA431-B3D7-4AC6-8033-CDE76FA98C97}.Release|Any CPU.Build.0 = Release|Any CPU
		{468ADEDE-6F5E-40C0-99C9-C6DAC4FAC934}.Debug|Any CPU.ActiveCfg = Debug|Any CPU
		{468ADEDE-6F5E-40C0-99C9-C6DAC4FAC934}.Debug|Any CPU.Build.0 = Debug|Any CPU
		{468ADEDE-6F5E-40C0-99C9-C6DAC4FAC934}.Release|Any CPU.ActiveCfg = Release|Any CPU
		{468ADEDE-6F5E-40C0-99C9-C6DAC4FAC934}.Release|Any CPU.Build.0 = Release|Any CPU
		{EDF0813B-6EC6-40AD-A049-9AC681E29D73}.Debug|Any CPU.ActiveCfg = Debug|Any CPU
		{EDF0813B-6EC6-40AD-A049-9AC681E29D73}.Debug|Any CPU.Build.0 = Debug|Any CPU
		{EDF0813B-6EC6-40AD-A049-9AC681E29D73}.Release|Any CPU.ActiveCfg = Release|Any CPU
		{EDF0813B-6EC6-40AD-A049-9AC681E29D73}.Release|Any CPU.Build.0 = Release|Any CPU
		{63201CC5-44BE-4D8E-9EE8-57D89C8E9C68}.Debug|Any CPU.ActiveCfg = Debug|Any CPU
		{63201CC5-44BE-4D8E-9EE8-57D89C8E9C68}.Debug|Any CPU.Build.0 = Debug|Any CPU
		{63201CC5-44BE-4D8E-9EE8-57D89C8E9C68}.Release|Any CPU.ActiveCfg = Release|Any CPU
		{63201CC5-44BE-4D8E-9EE8-57D89C8E9C68}.Release|Any CPU.Build.0 = Release|Any CPU
		{D23A68CD-E7D1-48BE-AFB7-7A68729E9A12}.Debug|Any CPU.ActiveCfg = Debug|Any CPU
		{D23A68CD-E7D1-48BE-AFB7-7A68729E9A12}.Debug|Any CPU.Build.0 = Debug|Any CPU
		{D23A68CD-E7D1-48BE-AFB7-7A68729E9A12}.Release|Any CPU.ActiveCfg = Release|Any CPU
		{D23A68CD-E7D1-48BE-AFB7-7A68729E9A12}.Release|Any CPU.Build.0 = Release|Any CPU
		{84A29AE2-96CA-420C-99F2-B0C9903BCA71}.Debug|Any CPU.ActiveCfg = Debug|Any CPU
		{84A29AE2-96CA-420C-99F2-B0C9903BCA71}.Debug|Any CPU.Build.0 = Debug|Any CPU
		{84A29AE2-96CA-420C-99F2-B0C9903BCA71}.Release|Any CPU.ActiveCfg = Release|Any CPU
		{84A29AE2-96CA-420C-99F2-B0C9903BCA71}.Release|Any CPU.Build.0 = Release|Any CPU
		{C77BABE4-5B91-4AF0-BA4A-C6D0CC355F40}.Debug|Any CPU.ActiveCfg = Debug|Any CPU
		{C77BABE4-5B91-4AF0-BA4A-C6D0CC355F40}.Debug|Any CPU.Build.0 = Debug|Any CPU
		{C77BABE4-5B91-4AF0-BA4A-C6D0CC355F40}.Release|Any CPU.ActiveCfg = Release|Any CPU
		{C77BABE4-5B91-4AF0-BA4A-C6D0CC355F40}.Release|Any CPU.Build.0 = Release|Any CPU
		{4760C3FB-05EB-4A0A-AEEA-F6FE89EB7996}.Debug|Any CPU.ActiveCfg = Debug|Any CPU
		{4760C3FB-05EB-4A0A-AEEA-F6FE89EB7996}.Debug|Any CPU.Build.0 = Debug|Any CPU
		{4760C3FB-05EB-4A0A-AEEA-F6FE89EB7996}.Release|Any CPU.ActiveCfg = Release|Any CPU
		{4760C3FB-05EB-4A0A-AEEA-F6FE89EB7996}.Release|Any CPU.Build.0 = Release|Any CPU
		{1C3A03CA-5E55-4CC4-9746-194A4188960A}.Debug|Any CPU.ActiveCfg = Debug|Any CPU
		{1C3A03CA-5E55-4CC4-9746-194A4188960A}.Debug|Any CPU.Build.0 = Debug|Any CPU
		{1C3A03CA-5E55-4CC4-9746-194A4188960A}.Release|Any CPU.ActiveCfg = Release|Any CPU
		{1C3A03CA-5E55-4CC4-9746-194A4188960A}.Release|Any CPU.Build.0 = Release|Any CPU
	EndGlobalSection
	GlobalSection(SolutionProperties) = preSolution
		HideSolutionNode = FALSE
	EndGlobalSection
	GlobalSection(NestedProjects) = preSolution
		{EDF0813B-6EC6-40AD-A049-9AC681E29D73} = {050C4E5B-E3E3-40D1-8E5C-27B917D22230}
		{63201CC5-44BE-4D8E-9EE8-57D89C8E9C68} = {050C4E5B-E3E3-40D1-8E5C-27B917D22230}
		{D23A68CD-E7D1-48BE-AFB7-7A68729E9A12} = {050C4E5B-E3E3-40D1-8E5C-27B917D22230}
		{84A29AE2-96CA-420C-99F2-B0C9903BCA71} = {050C4E5B-E3E3-40D1-8E5C-27B917D22230}
		{4760C3FB-05EB-4A0A-AEEA-F6FE89EB7996} = {050C4E5B-E3E3-40D1-8E5C-27B917D22230}
		{87E61430-4243-45F2-B74E-0A4C096CEBF3} = {8113611A-7372-4028-8CFB-40C45E80C7D8}
		{F6237B7D-9A3B-4F55-961B-72035B0DEA4D} = {8113611A-7372-4028-8CFB-40C45E80C7D8}
		{6C55B776-26D4-4DB3-A6AB-87E783B2F3D1} = {8113611A-7372-4028-8CFB-40C45E80C7D8}
		{6C0438EF-C94D-4A3E-B14C-92575FECEE6C} = {8113611A-7372-4028-8CFB-40C45E80C7D8}
		{A75FA431-B3D7-4AC6-8033-CDE76FA98C97} = {8113611A-7372-4028-8CFB-40C45E80C7D8}
		{468ADEDE-6F5E-40C0-99C9-C6DAC4FAC934} = {8113611A-7372-4028-8CFB-40C45E80C7D8}
		{C77BABE4-5B91-4AF0-BA4A-C6D0CC355F40} = {8113611A-7372-4028-8CFB-40C45E80C7D8}
		{1C3A03CA-5E55-4CC4-9746-194A4188960A} = {8113611A-7372-4028-8CFB-40C45E80C7D8}
	EndGlobalSection
EndGlobal
